
Microsoft Visual Studio Solution File, Format Version 12.00
# Visual Studio Version 16
VisualStudioVersion = 16.0.31112.23
MinimumVisualStudioVersion = 10.0.40219.1
Project("{FAE04EC0-301F-11D3-BF4B-00C04F79EFBC}") = "jobagapi", "jobagapi.csproj", "{A096271E-B04F-4557-B034-E6855EC3CF01}"
EndProject
Global
	GlobalSection(SolutionConfigurationPlatforms) = preSolution
		Debug|Any CPU = Debug|Any CPU
		Release|Any CPU = Release|Any CPU
	EndGlobalSection
	GlobalSection(ProjectConfigurationPlatforms) = postSolution
		{A096271E-B04F-4557-B034-E6855EC3CF01}.Debug|Any CPU.ActiveCfg = Debug|Any CPU
		{A096271E-B04F-4557-B034-E6855EC3CF01}.Debug|Any CPU.Build.0 = Debug|Any CPU
		{A096271E-B04F-4557-B034-E6855EC3CF01}.Release|Any CPU.ActiveCfg = Release|Any CPU
		{A096271E-B04F-4557-B034-E6855EC3CF01}.Release|Any CPU.Build.0 = Release|Any CPU
	EndGlobalSection
	GlobalSection(SolutionProperties) = preSolution
		HideSolutionNode = FALSE
	EndGlobalSection
	GlobalSection(ExtensibilityGlobals) = postSolution
		SolutionGuid = {D953EE31-A5AB-4025-84A5-68BE62157424}
	EndGlobalSection
EndGlobal
